
Microsoft Visual Studio Solution File, Format Version 12.00
# Visual Studio 15
VisualStudioVersion = 15.0.26206.0
MinimumVisualStudioVersion = 10.0.40219.1
Project("{D954291E-2A0B-460D-934E-DC6B0785DB48}") = "Elixir", "Elixir\Elixir\Elixir.shproj", "{70C907B1-E306-4F95-8C39-A6FDC991CDBD}"
EndProject
Project("{FAE04EC0-301F-11D3-BF4B-00C04F79EFBC}") = "Elixir.Droid", "Elixir\Elixir.Droid\Elixir.Droid.csproj", "{DBFE3C99-CC59-4B00-84E0-A9F19D228A17}"
EndProject
Project("{FAE04EC0-301F-11D3-BF4B-00C04F79EFBC}") = "Elixir.iOS", "Elixir\Elixir.iOS\Elixir.iOS.csproj", "{A3A1BB8B-64B3-4482-B5C7-3EFC4A6C26C9}"
EndProject
Project("{FAE04EC0-301F-11D3-BF4B-00C04F79EFBC}") = "Elixir.UWP", "Elixir\Elixir.UWP\Elixir.UWP.csproj", "{74BADA45-257A-4299-95AC-7649D084907A}"
EndProject
Project("{9A19103F-16F7-4668-BE54-9A1E7A4F7556}") = "CommonLib", "CommonLib\CommonLib.csproj", "{6C3DF8B3-9655-46B3-A0DA-016F47B6EDAD}"
EndProject
Project("{9A19103F-16F7-4668-BE54-9A1E7A4F7556}") = "CommonLib.Tests", "CommonLib.Tests\CommonLib.Tests.csproj", "{20165304-8DCE-406A-BE60-0500E53634BC}"
EndProject
Global
	GlobalSection(SharedMSBuildProjectFiles) = preSolution
		Elixir\Elixir\Elixir.projitems*{70c907b1-e306-4f95-8c39-a6fdc991cdbd}*SharedItemsImports = 13
		Elixir\Elixir\Elixir.projitems*{74bada45-257a-4299-95ac-7649d084907a}*SharedItemsImports = 4
		Elixir\Elixir\Elixir.projitems*{a3a1bb8b-64b3-4482-b5c7-3efc4a6c26c9}*SharedItemsImports = 4
		Elixir\Elixir\Elixir.projitems*{dbfe3c99-cc59-4b00-84e0-a9f19d228a17}*SharedItemsImports = 4
	EndGlobalSection
	GlobalSection(SolutionConfigurationPlatforms) = preSolution
		Debug|Any CPU = Debug|Any CPU
		Debug|ARM = Debug|ARM
		Debug|iPhone = Debug|iPhone
		Debug|iPhoneSimulator = Debug|iPhoneSimulator
		Debug|x64 = Debug|x64
		Debug|x86 = Debug|x86
		Release|Any CPU = Release|Any CPU
		Release|ARM = Release|ARM
		Release|iPhone = Release|iPhone
		Release|iPhoneSimulator = Release|iPhoneSimulator
		Release|x64 = Release|x64
		Release|x86 = Release|x86
	EndGlobalSection
	GlobalSection(ProjectConfigurationPlatforms) = postSolution
		{DBFE3C99-CC59-4B00-84E0-A9F19D228A17}.Debug|Any CPU.ActiveCfg = Debug|Any CPU
		{DBFE3C99-CC59-4B00-84E0-A9F19D228A17}.Debug|ARM.ActiveCfg = Debug|Any CPU
		{DBFE3C99-CC59-4B00-84E0-A9F19D228A17}.Debug|ARM.Build.0 = Debug|Any CPU
		{DBFE3C99-CC59-4B00-84E0-A9F19D228A17}.Debug|ARM.Deploy.0 = Debug|Any CPU
		{DBFE3C99-CC59-4B00-84E0-A9F19D228A17}.Debug|iPhone.ActiveCfg = Debug|Any CPU
		{DBFE3C99-CC59-4B00-84E0-A9F19D228A17}.Debug|iPhone.Build.0 = Debug|Any CPU
		{DBFE3C99-CC59-4B00-84E0-A9F19D228A17}.Debug|iPhone.Deploy.0 = Debug|Any CPU
		{DBFE3C99-CC59-4B00-84E0-A9F19D228A17}.Debug|iPhoneSimulator.ActiveCfg = Debug|Any CPU
		{DBFE3C99-CC59-4B00-84E0-A9F19D228A17}.Debug|iPhoneSimulator.Build.0 = Debug|Any CPU
		{DBFE3C99-CC59-4B00-84E0-A9F19D228A17}.Debug|iPhoneSimulator.Deploy.0 = Debug|Any CPU
		{DBFE3C99-CC59-4B00-84E0-A9F19D228A17}.Debug|x64.ActiveCfg = Debug|Any CPU
		{DBFE3C99-CC59-4B00-84E0-A9F19D228A17}.Debug|x64.Build.0 = Debug|Any CPU
		{DBFE3C99-CC59-4B00-84E0-A9F19D228A17}.Debug|x64.Deploy.0 = Debug|Any CPU
		{DBFE3C99-CC59-4B00-84E0-A9F19D228A17}.Debug|x86.ActiveCfg = Debug|Any CPU
		{DBFE3C99-CC59-4B00-84E0-A9F19D228A17}.Debug|x86.Build.0 = Debug|Any CPU
		{DBFE3C99-CC59-4B00-84E0-A9F19D228A17}.Debug|x86.Deploy.0 = Debug|Any CPU
		{DBFE3C99-CC59-4B00-84E0-A9F19D228A17}.Release|Any CPU.ActiveCfg = Release|Any CPU
		{DBFE3C99-CC59-4B00-84E0-A9F19D228A17}.Release|Any CPU.Build.0 = Release|Any CPU
		{DBFE3C99-CC59-4B00-84E0-A9F19D228A17}.Release|Any CPU.Deploy.0 = Release|Any CPU
		{DBFE3C99-CC59-4B00-84E0-A9F19D228A17}.Release|ARM.ActiveCfg = Release|Any CPU
		{DBFE3C99-CC59-4B00-84E0-A9F19D228A17}.Release|ARM.Build.0 = Release|Any CPU
		{DBFE3C99-CC59-4B00-84E0-A9F19D228A17}.Release|ARM.Deploy.0 = Release|Any CPU
		{DBFE3C99-CC59-4B00-84E0-A9F19D228A17}.Release|iPhone.ActiveCfg = Release|Any CPU
		{DBFE3C99-CC59-4B00-84E0-A9F19D228A17}.Release|iPhone.Build.0 = Release|Any CPU
		{DBFE3C99-CC59-4B00-84E0-A9F19D228A17}.Release|iPhone.Deploy.0 = Release|Any CPU
		{DBFE3C99-CC59-4B00-84E0-A9F19D228A17}.Release|iPhoneSimulator.ActiveCfg = Release|Any CPU
		{DBFE3C99-CC59-4B00-84E0-A9F19D228A17}.Release|iPhoneSimulator.Build.0 = Release|Any CPU
		{DBFE3C99-CC59-4B00-84E0-A9F19D228A17}.Release|iPhoneSimulator.Deploy.0 = Release|Any CPU
		{DBFE3C99-CC59-4B00-84E0-A9F19D228A17}.Release|x64.ActiveCfg = Release|Any CPU
		{DBFE3C99-CC59-4B00-84E0-A9F19D228A17}.Release|x64.Build.0 = Release|Any CPU
		{DBFE3C99-CC59-4B00-84E0-A9F19D228A17}.Release|x64.Deploy.0 = Release|Any CPU
		{DBFE3C99-CC59-4B00-84E0-A9F19D228A17}.Release|x86.ActiveCfg = Release|Any CPU
		{DBFE3C99-CC59-4B00-84E0-A9F19D228A17}.Release|x86.Build.0 = Release|Any CPU
		{DBFE3C99-CC59-4B00-84E0-A9F19D228A17}.Release|x86.Deploy.0 = Release|Any CPU
		{A3A1BB8B-64B3-4482-B5C7-3EFC4A6C26C9}.Debug|Any CPU.ActiveCfg = Debug|iPhone
		{A3A1BB8B-64B3-4482-B5C7-3EFC4A6C26C9}.Debug|ARM.ActiveCfg = Debug|iPhone
		{A3A1BB8B-64B3-4482-B5C7-3EFC4A6C26C9}.Debug|iPhone.ActiveCfg = Debug|iPhone
		{A3A1BB8B-64B3-4482-B5C7-3EFC4A6C26C9}.Debug|iPhone.Build.0 = Debug|iPhone
		{A3A1BB8B-64B3-4482-B5C7-3EFC4A6C26C9}.Debug|iPhoneSimulator.ActiveCfg = Debug|iPhoneSimulator
		{A3A1BB8B-64B3-4482-B5C7-3EFC4A6C26C9}.Debug|iPhoneSimulator.Build.0 = Debug|iPhoneSimulator
		{A3A1BB8B-64B3-4482-B5C7-3EFC4A6C26C9}.Debug|x64.ActiveCfg = Debug|iPhone
		{A3A1BB8B-64B3-4482-B5C7-3EFC4A6C26C9}.Debug|x86.ActiveCfg = Debug|iPhone
		{A3A1BB8B-64B3-4482-B5C7-3EFC4A6C26C9}.Release|Any CPU.ActiveCfg = Release|iPhone
		{A3A1BB8B-64B3-4482-B5C7-3EFC4A6C26C9}.Release|ARM.ActiveCfg = Release|iPhone
		{A3A1BB8B-64B3-4482-B5C7-3EFC4A6C26C9}.Release|iPhone.ActiveCfg = Release|iPhone
		{A3A1BB8B-64B3-4482-B5C7-3EFC4A6C26C9}.Release|iPhone.Build.0 = Release|iPhone
		{A3A1BB8B-64B3-4482-B5C7-3EFC4A6C26C9}.Release|iPhoneSimulator.ActiveCfg = Release|iPhoneSimulator
		{A3A1BB8B-64B3-4482-B5C7-3EFC4A6C26C9}.Release|iPhoneSimulator.Build.0 = Release|iPhoneSimulator
		{A3A1BB8B-64B3-4482-B5C7-3EFC4A6C26C9}.Release|x64.ActiveCfg = Release|iPhone
		{A3A1BB8B-64B3-4482-B5C7-3EFC4A6C26C9}.Release|x86.ActiveCfg = Release|iPhone
		{74BADA45-257A-4299-95AC-7649D084907A}.Debug|Any CPU.ActiveCfg = Debug|x86
		{74BADA45-257A-4299-95AC-7649D084907A}.Debug|Any CPU.Build.0 = Debug|x86
		{74BADA45-257A-4299-95AC-7649D084907A}.Debug|Any CPU.Deploy.0 = Debug|x86
		{74BADA45-257A-4299-95AC-7649D084907A}.Debug|ARM.ActiveCfg = Debug|ARM
		{74BADA45-257A-4299-95AC-7649D084907A}.Debug|ARM.Build.0 = Debug|ARM
		{74BADA45-257A-4299-95AC-7649D084907A}.Debug|ARM.Deploy.0 = Debug|ARM
		{74BADA45-257A-4299-95AC-7649D084907A}.Debug|iPhone.ActiveCfg = Debug|x86
		{74BADA45-257A-4299-95AC-7649D084907A}.Debug|iPhoneSimulator.ActiveCfg = Debug|x86
		{74BADA45-257A-4299-95AC-7649D084907A}.Debug|x64.ActiveCfg = Debug|x64
		{74BADA45-257A-4299-95AC-7649D084907A}.Debug|x64.Build.0 = Debug|x64
		{74BADA45-257A-4299-95AC-7649D084907A}.Debug|x64.Deploy.0 = Debug|x64
		{74BADA45-257A-4299-95AC-7649D084907A}.Debug|x86.ActiveCfg = Debug|x86
		{74BADA45-257A-4299-95AC-7649D084907A}.Debug|x86.Build.0 = Debug|x86
		{74BADA45-257A-4299-95AC-7649D084907A}.Debug|x86.Deploy.0 = Debug|x86
		{74BADA45-257A-4299-95AC-7649D084907A}.Release|Any CPU.ActiveCfg = Release|x86
		{74BADA45-257A-4299-95AC-7649D084907A}.Release|ARM.ActiveCfg = Release|ARM
		{74BADA45-257A-4299-95AC-7649D084907A}.Release|ARM.Build.0 = Release|ARM
		{74BADA45-257A-4299-95AC-7649D084907A}.Release|ARM.Deploy.0 = Release|ARM
		{74BADA45-257A-4299-95AC-7649D084907A}.Release|iPhone.ActiveCfg = Release|x86
		{74BADA45-257A-4299-95AC-7649D084907A}.Release|iPhoneSimulator.ActiveCfg = Release|x86
		{74BADA45-257A-4299-95AC-7649D084907A}.Release|x64.ActiveCfg = Release|x64
		{74BADA45-257A-4299-95AC-7649D084907A}.Release|x64.Build.0 = Release|x64
		{74BADA45-257A-4299-95AC-7649D084907A}.Release|x64.Deploy.0 = Release|x64
		{74BADA45-257A-4299-95AC-7649D084907A}.Release|x86.ActiveCfg = Release|x86
		{74BADA45-257A-4299-95AC-7649D084907A}.Release|x86.Build.0 = Release|x86
		{74BADA45-257A-4299-95AC-7649D084907A}.Release|x86.Deploy.0 = Release|x86
		{6C3DF8B3-9655-46B3-A0DA-016F47B6EDAD}.Debug|Any CPU.ActiveCfg = Debug|Any CPU
		{6C3DF8B3-9655-46B3-A0DA-016F47B6EDAD}.Debug|Any CPU.Build.0 = Debug|Any CPU
		{6C3DF8B3-9655-46B3-A0DA-016F47B6EDAD}.Debug|ARM.ActiveCfg = Debug|Any CPU
		{6C3DF8B3-9655-46B3-A0DA-016F47B6EDAD}.Debug|ARM.Build.0 = Debug|Any CPU
		{6C3DF8B3-9655-46B3-A0DA-016F47B6EDAD}.Debug|iPhone.ActiveCfg = Debug|Any CPU
		{6C3DF8B3-9655-46B3-A0DA-016F47B6EDAD}.Debug|iPhone.Build.0 = Debug|Any CPU
		{6C3DF8B3-9655-46B3-A0DA-016F47B6EDAD}.Debug|iPhoneSimulator.ActiveCfg = Debug|Any CPU
		{6C3DF8B3-9655-46B3-A0DA-016F47B6EDAD}.Debug|iPhoneSimulator.Build.0 = Debug|Any CPU
		{6C3DF8B3-9655-46B3-A0DA-016F47B6EDAD}.Debug|x64.ActiveCfg = Debug|x64
		{6C3DF8B3-9655-46B3-A0DA-016F47B6EDAD}.Debug|x64.Build.0 = Debug|x64
		{6C3DF8B3-9655-46B3-A0DA-016F47B6EDAD}.Debug|x86.ActiveCfg = Debug|x86
		{6C3DF8B3-9655-46B3-A0DA-016F47B6EDAD}.Debug|x86.Build.0 = Debug|x86
		{6C3DF8B3-9655-46B3-A0DA-016F47B6EDAD}.Release|Any CPU.ActiveCfg = Release|Any CPU
		{6C3DF8B3-9655-46B3-A0DA-016F47B6EDAD}.Release|Any CPU.Build.0 = Release|Any CPU
		{6C3DF8B3-9655-46B3-A0DA-016F47B6EDAD}.Release|ARM.ActiveCfg = Release|Any CPU
		{6C3DF8B3-9655-46B3-A0DA-016F47B6EDAD}.Release|ARM.Build.0 = Release|Any CPU
		{6C3DF8B3-9655-46B3-A0DA-016F47B6EDAD}.Release|iPhone.ActiveCfg = Release|Any CPU
		{6C3DF8B3-9655-46B3-A0DA-016F47B6EDAD}.Release|iPhone.Build.0 = Release|Any CPU
		{6C3DF8B3-9655-46B3-A0DA-016F47B6EDAD}.Release|iPhoneSimulator.ActiveCfg = Release|Any CPU
		{6C3DF8B3-9655-46B3-A0DA-016F47B6EDAD}.Release|iPhoneSimulator.Build.0 = Release|Any CPU
		{6C3DF8B3-9655-46B3-A0DA-016F47B6EDAD}.Release|x64.ActiveCfg = Release|x64
		{6C3DF8B3-9655-46B3-A0DA-016F47B6EDAD}.Release|x64.Build.0 = Release|x64
		{6C3DF8B3-9655-46B3-A0DA-016F47B6EDAD}.Release|x86.ActiveCfg = Release|x86
		{6C3DF8B3-9655-46B3-A0DA-016F47B6EDAD}.Release|x86.Build.0 = Release|x86
		{20165304-8DCE-406A-BE60-0500E53634BC}.Debug|Any CPU.ActiveCfg = Debug|Any CPU
		{20165304-8DCE-406A-BE60-0500E53634BC}.Debug|Any CPU.Build.0 = Debug|Any CPU
		{20165304-8DCE-406A-BE60-0500E53634BC}.Debug|ARM.ActiveCfg = Debug|Any CPU
		{20165304-8DCE-406A-BE60-0500E53634BC}.Debug|ARM.Build.0 = Debug|Any CPU
		{20165304-8DCE-406A-BE60-0500E53634BC}.Debug|iPhone.ActiveCfg = Debug|Any CPU
		{20165304-8DCE-406A-BE60-0500E53634BC}.Debug|iPhone.Build.0 = Debug|Any CPU
		{20165304-8DCE-406A-BE60-0500E53634BC}.Debug|iPhoneSimulator.ActiveCfg = Debug|Any CPU
		{20165304-8DCE-406A-BE60-0500E53634BC}.Debug|iPhoneSimulator.Build.0 = Debug|Any CPU
		{20165304-8DCE-406A-BE60-0500E53634BC}.Debug|x64.ActiveCfg = Debug|x64
		{20165304-8DCE-406A-BE60-0500E53634BC}.Debug|x64.Build.0 = Debug|x64
		{20165304-8DCE-406A-BE60-0500E53634BC}.Debug|x86.ActiveCfg = Debug|x86
		{20165304-8DCE-406A-BE60-0500E53634BC}.Debug|x86.Build.0 = Debug|x86
		{20165304-8DCE-406A-BE60-0500E53634BC}.Release|Any CPU.ActiveCfg = Release|Any CPU
		{20165304-8DCE-406A-BE60-0500E53634BC}.Release|Any CPU.Build.0 = Release|Any CPU
		{20165304-8DCE-406A-BE60-0500E53634BC}.Release|ARM.ActiveCfg = Release|Any CPU
		{20165304-8DCE-406A-BE60-0500E53634BC}.Release|ARM.Build.0 = Release|Any CPU
		{20165304-8DCE-406A-BE60-0500E53634BC}.Release|iPhone.ActiveCfg = Release|Any CPU
		{20165304-8DCE-406A-BE60-0500E53634BC}.Release|iPhone.Build.0 = Release|Any CPU
		{20165304-8DCE-406A-BE60-0500E53634BC}.Release|iPhoneSimulator.ActiveCfg = Release|Any CPU
		{20165304-8DCE-406A-BE60-0500E53634BC}.Release|iPhoneSimulator.Build.0 = Release|Any CPU
		{20165304-8DCE-406A-BE60-0500E53634BC}.Release|x64.ActiveCfg = Release|x64
		{20165304-8DCE-406A-BE60-0500E53634BC}.Release|x64.Build.0 = Release|x64
		{20165304-8DCE-406A-BE60-0500E53634BC}.Release|x86.ActiveCfg = Release|x86
		{20165304-8DCE-406A-BE60-0500E53634BC}.Release|x86.Build.0 = Release|x86
	EndGlobalSection
	GlobalSection(SolutionProperties) = preSolution
		HideSolutionNode = FALSE
	EndGlobalSection
EndGlobal
